# THIS IS AN AUTOGENERATED FILE. DO NOT EDIT THIS FILE DIRECTLY.
# yarn lockfile v1


"@colors/colors@1.5.0":
  "integrity" "sha512-ooWCrlZP11i8GImSjTHYHLkvFDP48nS4+204nGb1RiX/WXYHmJA2III9/e2DWVabCESdW7hBAEzHRqUn9OUVvQ=="
  "resolved" "https://registry.npmjs.org/@colors/colors/-/colors-1.5.0.tgz"
  "version" "1.5.0"

"async@~1.0.0":
  "integrity" "sha1-+PwEyjoTeErenhZBr5hXjPvWR6k= sha512-5mO7DX4CbJzp9zjaFXusQQ4tzKJARjNB1Ih1pVBi8wkbmXy/xzIDgEMXxWePLzt2OdFwaxfneIlT1nCiXubrPQ=="
  "resolved" "https://registry.npmjs.org/async/-/async-1.0.0.tgz"
  "version" "1.0.0"

"async@3.2.3":
  "integrity" "sha512-spZRyzKL5l5BZQrr/6m/SqFdBN0q3OCI0f9rjfBzCMBIP4p75P620rR3gTmaksNOhmzgdxcaxdNfMy6anrbM0g=="
  "resolved" "https://registry.npmjs.org/async/-/async-3.2.3.tgz"
  "version" "3.2.3"

"colors@1.0.x":
  "integrity" "sha1-BDP0TYCWgP3rYO0mDxsMJi6CpAs= sha512-pFGrxThWcWQ2MsAz6RtgeWe4NK2kUE1WfsrvvlctdII745EW9I0yflqhe7++M5LEc7bV2c/9/5zc8sFcpL0Drw=="
  "resolved" "https://registry.npmjs.org/colors/-/colors-1.0.3.tgz"
  "version" "1.0.3"

"cycle@1.0.x":
  "integrity" "sha1-IegLK+hYD5i0aPN5QwZisEbDStI= sha512-TVF6svNzeQCOpjCqsy0/CSy8VgObG3wXusJ73xW2GbG5rGx7lC8zxDSURicsXI2UsGdi2L0QNRCi745/wUDvsA=="
  "resolved" "https://registry.npmjs.org/cycle/-/cycle-1.0.3.tgz"
  "version" "1.0.3"

"eyes@0.1.x":
  "integrity" "sha1-Ys8SAjTGg3hdkCNIqADvPgzCC8A= sha512-GipyPsXO1anza0AOZdy69Im7hGFCNB7Y/NGjDlZGJ3GJJLtwNSb2vrzYrTYJRrRloVx7pl+bhUaTB8yiccPvFQ=="
  "resolved" "https://registry.npmjs.org/eyes/-/eyes-0.1.8.tgz"
  "version" "0.1.8"

"isstream@0.1.x":
  "integrity" "sha1-R+Y/evVa+m+S4VAOaQ64uFKcCZo= sha512-Yljz7ffyPbrLpLngrMtZ7NduUgVvi6wG9RJ9IUcyCd59YQ911PBJphODUcbOVbqYfxe1wuYf/LJ8PauMRwsM/g=="
  "resolved" "https://registry.npmjs.org/isstream/-/isstream-0.1.2.tgz"
  "version" "0.1.2"

"mute-stream@~0.0.4":
  "integrity" "sha1-MHXOk7whuPq0PhvE2n6BFe0ee6s= sha512-r65nCZhrbXXb6dXOACihYApHw2Q6pV0M3V0PSxd74N0+D8nzAdEAITq2oAjA1jVnKI+tGvEBUpqiMh0+rW6zDQ=="
  "resolved" "https://registry.npmjs.org/mute-stream/-/mute-stream-0.0.7.tgz"
  "version" "0.0.7"

"pkginfo@0.3.x":
  "integrity" "sha1-Wyn2qB9wcXFC4J52W76rl7T4HiE= sha512-yO5feByMzAp96LtP58wvPKSbaKAi/1C4kV9XpTctr6EepnP6F33RBNOiVrdz9BrPA98U2BMFsTNHo44TWcbQ2A=="
  "resolved" "https://registry.npmjs.org/pkginfo/-/pkginfo-0.3.1.tgz"
  "version" "0.3.1"

"prompt@^1.3.0":
  "integrity" "sha512-ZkaRWtaLBZl7KKAKndKYUL8WqNT+cQHKRZnT4RYYms48jQkFw3rrBL+/N5K/KtdEveHkxs982MX2BkDKub2ZMg=="
  "resolved" "https://registry.npmjs.org/prompt/-/prompt-1.3.0.tgz"
  "version" "1.3.0"
  dependencies:
    "@colors/colors" "1.5.0"
    "async" "3.2.3"
    "read" "1.0.x"
    "revalidator" "0.1.x"
    "winston" "2.x"

"read@1.0.x":
  "integrity" "sha1-s9oZvQUkMal2cdRKQmNK33ELQMQ= sha512-rSOKNYUmaxy0om1BNjMN4ezNT6VKK+2xF4GBhc81mkH7L60i6dp8qPYrkndNLT3QPphoII3maL9PVC9XmhHwVQ=="
  "resolved" "https://registry.npmjs.org/read/-/read-1.0.7.tgz"
  "version" "1.0.7"
  dependencies:
    "mute-stream" "~0.0.4"

"revalidator@0.1.x":
  "integrity" "sha1-/s5hv6DBtSoga9axgZgYS91SOjs= sha512-xcBILK2pA9oh4SiinPEZfhP8HfrB/ha+a2fTMyl7Om2WjlDVrOQy99N2MXXlUHqGJz4qEu2duXxHJjDWuK/0xg=="
  "resolved" "https://registry.npmjs.org/revalidator/-/revalidator-0.1.8.tgz"
  "version" "0.1.8"

"stack-trace@0.0.x":
  "integrity" "sha1-VHxws0fo0ytOEI6hoqFZ5f3eGcA= sha512-KGzahc7puUKkzyMt+IqAep+TVNbKP+k2Lmwhub39m1AsTSkaDutx56aDCo+HLDzf/D26BIHTJWNiTG1KAJiQCg=="
  "resolved" "https://registry.npmjs.org/stack-trace/-/stack-trace-0.0.10.tgz"
  "version" "0.0.10"

"winston@2.x":
  "integrity" "sha1-PJNJ0ZYgf9G9/51LxD73JRDjoS4= sha512-CPXrr+LD3DBeCEAnhPYS7DYbdq8kwhnkrVY7Px0vEROil9iZWaz0VHZHg41pNcUJc+1/PDm2obR1Lb2QGto1ZQ=="
  "resolved" "https://registry.npmjs.org/winston/-/winston-2.1.1.tgz"
  "version" "2.1.1"
  dependencies:
    "async" "~1.0.0"
    "colors" "1.0.x"
    "cycle" "1.0.x"
    "eyes" "0.1.x"
    "isstream" "0.1.x"
    "pkginfo" "0.3.x"
    "stack-trace" "0.0.x"
